Microsoft Visual Studio Solution File, Format Version 12.00
# Visual Studio Version 17
VisualStudioVersion = 17.5.2.0
MinimumVisualStudioVersion = 10.0.40219.1
Project("{FAE04EC0-301F-11D3-BF4B-00C04F79EFBC}") = "Web_Restaurant", "Web_Restaurant.csproj", "{61C260B4-4691-F3A1-7987-45CEBB09EAC8}"
EndProject
Global
	GlobalSection(SolutionConfigurationPlatforms) = preSolution
		Debug|Any CPU = Debug|Any CPU
		Release|Any CPU = Release|Any CPU
	EndGlobalSection
	GlobalSection(ProjectConfigurationPlatforms) = postSolution
		{61C260B4-4691-F3A1-7987-45CEBB09EAC8}.Debug|Any CPU.ActiveCfg = Debug|Any CPU
		{61C260B4-4691-F3A1-7987-45CEBB09EAC8}.Debug|Any CPU.Build.0 = Debug|Any CPU
		{61C260B4-4691-F3A1-7987-45CEBB09EAC8}.Release|Any CPU.ActiveCfg = Release|Any CPU
		{61C260B4-4691-F3A1-7987-45CEBB09EAC8}.Release|Any CPU.Build.0 = Release|Any CPU
	EndGlobalSection
	GlobalSection(SolutionProperties) = preSolution
		HideSolutionNode = FALSE
	EndGlobalSection
	GlobalSection(ExtensibilityGlobals) = postSolution
		SolutionGuid = {D9F27AA9-37FF-4B38-9EA3-1E5E35E549EA}
	EndGlobalSection
EndGlobal
